// !$*UTF8*$!
{
	archiveVersion = 1;
	classes = {
	};
	objectVersion = 50;
	objects = {

/* Begin PBXGroup section */
		53CCB79D20C42A9E00F9BAFA = {
			isa = PBXGroup;
			children = (
			);
			sourceTree = "<group>";
		};
/* End PBXGroup section */

/* Begin PBXProject section */
		53CCB79E20C42A9E00F9BAFA /* Project object */ = {
			isa = PBXProject;
			attributes = {
				LastUpgradeCheck = 0940;
			};
			buildConfigurationList = 53CCB7A120C42A9E00F9BAFA /* Build configuration list for PBXProject "wpNyarukoLive" */;
			compatibilityVersion = "Xcode 9.3";
			developmentRegion = en;
			hasScannedForEncodings = 0;
			knownRegions = (
				en,
			);
			mainGroup = 53CCB79D20C42A9E00F9BAFA;
			projectDirPath = "";
			projectRoot = "";
			targets = (
			);
		};
/* End PBXProject section */

/* Begin XCBuildConfiguration section */
		53CCB7A220C42A9E00F9BAFA /* Debug */ = {
			isa = XCBuildConfiguration;
			buildSettings = {
			};
			name = Debug;
		};
		53CCB7A320C42A9E00F9BAFA /* Release */ = {
			isa = XCBuildConfiguration;
			buildSettings = {
			};
			name = Release;
		};
/* End XCBuildConfiguration section */

/* Begin XCConfigurationList section */
		53CCB7A120C42A9E00F9BAFA /* Build configuration list for PBXProject "wpNyarukoLive" */ = {
			isa = XCConfigurationList;
			buildConfigurations = (
				53CCB7A220C42A9E00F9BAFA /* Debug */,
				53CCB7A320C42A9E00F9BAFA /* Release */,
			);
			defaultConfigurationIsVisible = 0;
			defaultConfigurationName = Release;
		};
/* End XCConfigurationList section */
	};
	rootObject = 53CCB79E20C42A9E00F9BAFA /* Project object */;
}
